PODS:
  - Capacitor (3.2.0):
    - CapacitorCordova
  - CapacitorCordova (3.2.0)
  - StripeTerminal (2.8.0)

DEPENDENCIES:
  - "Capacitor (from `../node_modules/@capacitor/ios`)"
  - "CapacitorCordova (from `../node_modules/@capacitor/ios`)"
  - StripeTerminal (= 2.8.0)

SPEC REPOS:
  trunk:
    - StripeTerminal

EXTERNAL SOURCES:
  Capacitor:
    :path: "../node_modules/@capacitor/ios"
  CapacitorCordova:
    :path: "../node_modules/@capacitor/ios"

SPEC CHECKSUMS:
  Capacitor: 97ac74f937eb9cd098b067c48f2e00de62c8b3c9
  CapacitorCordova: 643fc644c43204cf1a344b19ef0423beae5ae9ff
  StripeTerminal: 6a941bb9feec23d9933eaf330fc398cdce95e252

PODFILE CHECKSUM: 9a3c5fc56f5e651a5af9c8d53c9cc55a75c48d63

COCOAPODS: 1.11.2
